// !$*UTF8*$!
{
	archiveVersion = 1;
	classes = {
	};
	objectVersion = 56;
	objects = {

/* Begin PBXBuildFile section */
		C710544E2BD7C7E600654867 /* PitchMatchApp.swift in Sources */ = {isa = PBXBuildFile; fileRef = C710544D2BD7C7E600654867 /* PitchMatchApp.swift */; };
		C71054502BD7C7E600654867 /* ContentView.swift in Sources */ = {isa = PBXBuildFile; fileRef = C710544F2BD7C7E600654867 /* ContentView.swift */; };
		C71054522BD7C7E700654867 /* Assets.xcassets in Resources */ = {isa = PBXBuildFile; fileRef = C71054512BD7C7E700654867 /* Assets.xcassets */; };
		C71054562BD7C7E700654867 /* Preview Assets.xcassets in Resources */ = {isa = PBXBuildFile; fileRef = C71054552BD7C7E700654867 /* Preview Assets.xcassets */; };
		C7ABA6832BDB40DF00AFC4E0 /* RanDekatDiHati.mp3 in Resources */ = {isa = PBXBuildFile; fileRef = C7ABA67A2BDB40DF00AFC4E0 /* RanDekatDiHati.mp3 */; };
		C7ABA6842BDB40DF00AFC4E0 /* APTemanPerjalanan.mp3 in Resources */ = {isa = PBXBuildFile; fileRef = C7ABA67B2BDB40DF00AFC4E0 /* APTemanPerjalanan.mp3 */; };
		C7ABA6852BDB40DF00AFC4E0 /* Tulus1000Tahun.mp3 in Resources */ = {isa = PBXBuildFile; fileRef = C7ABA67C2BDB40DF00AFC4E0 /* Tulus1000Tahun.mp3 */; };
		C7ABA6862BDB40DF00AFC4E0 /* APSudah.mp3 in Resources */ = {isa = PBXBuildFile; fileRef = C7ABA67D2BDB40DF00AFC4E0 /* APSudah.mp3 */; };
		C7ABA6872BDB40DF00AFC4E0 /* RanAkanKulakukanSemuaUntukmu.mp3 in Resources */ = {isa = PBXBuildFile; fileRef = C7ABA67E2BDB40DF00AFC4E0 /* RanAkanKulakukanSemuaUntukmu.mp3 */; };
		C7ABA6882BDB40DF00AFC4E0 /* TulusTemanHidup.mp3 in Resources */ = {isa = PBXBuildFile; fileRef = C7ABA67F2BDB40DF00AFC4E0 /* TulusTemanHidup.mp3 */; };
		C7ABA6892BDB40DF00AFC4E0 /* APDiSenayan.mp3 in Resources */ = {isa = PBXBuildFile; fileRef = C7ABA6802BDB40DF00AFC4E0 /* APDiSenayan.mp3 */; };
		C7ABA68A2BDB40DF00AFC4E0 /* RanSiLemah.mp3 in Resources */ = {isa = PBXBuildFile; fileRef = C7ABA6812BDB40DF00AFC4E0 /* RanSiLemah.mp3 */; };
		C7ABA68B2BDB40DF00AFC4E0 /* TulusHatiHatiDiJalan.mp3 in Resources */ = {isa = PBXBuildFile; fileRef = C7ABA6822BDB40DF00AFC4E0 /* TulusHatiHatiDiJalan.mp3 */; };
		C7ABA68D2BDB412A00AFC4E0 /* LyricClassifierModel.mlmodel in Sources */ = {isa = PBXBuildFile; fileRef = C7ABA68C2BDB412A00AFC4E0 /* LyricClassifierModel.mlmodel */; };
		C7ABA6932BDB42E400AFC4E0 /* Singer.swift in Sources */ = {isa = PBXBuildFile; fileRef = C7ABA6922BDB42E400AFC4E0 /* Singer.swift */; };
		C7ABA6962BDB42FD00AFC4E0 /* HomeView.swift in Sources */ = {isa = PBXBuildFile; fileRef = C7ABA6952BDB42FD00AFC4E0 /* HomeView.swift */; };
		C7ABA6982BDB7A8000AFC4E0 /* History.swift in Sources */ = {isa = PBXBuildFile; fileRef = C7ABA6972BDB7A8000AFC4E0 /* History.swift */; };
		C7ABA69B2BDB7D7A00AFC4E0 /* SingerExtension.swift in Sources */ = {isa = PBXBuildFile; fileRef = C7ABA69A2BDB7D7A00AFC4E0 /* SingerExtension.swift */; };
/* End PBXBuildFile section */

/* Begin PBXFileReference section */
		C710544A2BD7C7E600654867 /* PitchMatch.app */ = {isa = PBXFileReference; explicitFileType = wrapper.application; includeInIndex = 0; path = PitchMatch.app; sourceTree = BUILT_PRODUCTS_DIR; };
		C710544D2BD7C7E600654867 /* PitchMatchApp.swift */ = {isa = PBXFileReference; lastKnownFileType = sourcecode.swift; path = PitchMatchApp.swift; sourceTree = "<group>"; };
		C710544F2BD7C7E600654867 /* ContentView.swift */ = {isa = PBXFileReference; lastKnownFileType = sourcecode.swift; path = ContentView.swift; sourceTree = "<group>"; };
		C71054512BD7C7E700654867 /* Assets.xcassets */ = {isa = PBXFileReference; lastKnownFileType = folder.assetcatalog; path = Assets.xcassets; sourceTree = "<group>"; };
		C71054532BD7C7E700654867 /* PitchMatch.entitlements */ = {isa = PBXFileReference; lastKnownFileType = text.plist.entitlements; path = PitchMatch.entitlements; sourceTree = "<group>"; };
		C71054552BD7C7E700654867 /* Preview Assets.xcassets */ = {isa = PBXFileReference; lastKnownFileType = folder.assetcatalog; path = "Preview Assets.xcassets"; sourceTree = "<group>"; };
		C7ABA67A2BDB40DF00AFC4E0 /* RanDekatDiHati.mp3 */ = {isa = PBXFileReference; lastKnownFileType = audio.mp3; path = RanDekatDiHati.mp3; sourceTree = "<group>"; };
		C7ABA67B2BDB40DF00AFC4E0 /* APTemanPerjalanan.mp3 */ = {isa = PBXFileReference; lastKnownFileType = audio.mp3; path = APTemanPerjalanan.mp3; sourceTree = "<group>"; };
		C7ABA67C2BDB40DF00AFC4E0 /* Tulus1000Tahun.mp3 */ = {isa = PBXFileReference; lastKnownFileType = audio.mp3; path = Tulus1000Tahun.mp3; sourceTree = "<group>"; };
		C7ABA67D2BDB40DF00AFC4E0 /* APSudah.mp3 */ = {isa = PBXFileReference; lastKnownFileType = audio.mp3; path = APSudah.mp3; sourceTree = "<group>"; };
		C7ABA67E2BDB40DF00AFC4E0 /* RanAkanKulakukanSemuaUntukmu.mp3 */ = {isa = PBXFileReference; lastKnownFileType = audio.mp3; path = RanAkanKulakukanSemuaUntukmu.mp3; sourceTree = "<group>"; };
		C7ABA67F2BDB40DF00AFC4E0 /* TulusTemanHidup.mp3 */ = {isa = PBXFileReference; lastKnownFileType = audio.mp3; path = TulusTemanHidup.mp3; sourceTree = "<group>"; };
		C7ABA6802BDB40DF00AFC4E0 /* APDiSenayan.mp3 */ = {isa = PBXFileReference; lastKnownFileType = audio.mp3; path = APDiSenayan.mp3; sourceTree = "<group>"; };
		C7ABA6812BDB40DF00AFC4E0 /* RanSiLemah.mp3 */ = {isa = PBXFileReference; lastKnownFileType = audio.mp3; path = RanSiLemah.mp3; sourceTree = "<group>"; };
		C7ABA6822BDB40DF00AFC4E0 /* TulusHatiHatiDiJalan.mp3 */ = {isa = PBXFileReference; lastKnownFileType = audio.mp3; path = TulusHatiHatiDiJalan.mp3; sourceTree = "<group>"; };
		C7ABA68C2BDB412A00AFC4E0 /* LyricClassifierModel.mlmodel */ = {isa = PBXFileReference; lastKnownFileType = file.mlmodel; path = LyricClassifierModel.mlmodel; sourceTree = "<group>"; };
		C7ABA6922BDB42E400AFC4E0 /* Singer.swift */ = {isa = PBXFileReference; lastKnownFileType = sourcecode.swift; path = Singer.swift; sourceTree = "<group>"; };
		C7ABA6952BDB42FD00AFC4E0 /* HomeView.swift */ = {isa = PBXFileReference; lastKnownFileType = sourcecode.swift; path = HomeView.swift; sourceTree = "<group>"; };
		C7ABA6972BDB7A8000AFC4E0 /* History.swift */ = {isa = PBXFileReference; lastKnownFileType = sourcecode.swift; path = History.swift; sourceTree = "<group>"; };
		C7ABA69A2BDB7D7A00AFC4E0 /* SingerExtension.swift */ = {isa = PBXFileReference; lastKnownFileType = sourcecode.swift; path = SingerExtension.swift; sourceTree = "<group>"; };
/* End PBXFileReference section */

/* Begin PBXFrameworksBuildPhase section */
		C71054472BD7C7E500654867 /* Frameworks */ = {
			isa = PBXFrameworksBuildPhase;
			buildActionMask = 2147483647;
			files = (
			);
			runOnlyForDeploymentPostprocessing = 0;
		};
/* End PBXFrameworksBuildPhase section */

/* Begin PBXGroup section */
		C71054412BD7C7E500654867 = {
			isa = PBXGroup;
			children = (
				C710544C2BD7C7E600654867 /* PitchMatch */,
				C710544B2BD7C7E600654867 /* Products */,
			);
			sourceTree = "<group>";
		};
		C710544B2BD7C7E600654867 /* Products */ = {
			isa = PBXGroup;
			children = (
				C710544A2BD7C7E600654867 /* PitchMatch.app */,
			);
			name = Products;
			sourceTree = "<group>";
		};
		C710544C2BD7C7E600654867 /* PitchMatch */ = {
			isa = PBXGroup;
			children = (
				C7ABA64A2BDA53C900AFC4E0 /* Resources */,
				C7ABA68E2BDB42B800AFC4E0 /* Model */,
				C7ABA6902BDB42C200AFC4E0 /* View */,
				C710544D2BD7C7E600654867 /* PitchMatchApp.swift */,
				C710544F2BD7C7E600654867 /* ContentView.swift */,
				C71054512BD7C7E700654867 /* Assets.xcassets */,
				C71054532BD7C7E700654867 /* PitchMatch.entitlements */,
				C71054542BD7C7E700654867 /* Preview Content */,
			);
			path = PitchMatch;
			sourceTree = "<group>";
		};
		C71054542BD7C7E700654867 /* Preview Content */ = {
			isa = PBXGroup;
			children = (
				C71054552BD7C7E700654867 /* Preview Assets.xcassets */,
			);
			path = "Preview Content";
			sourceTree = "<group>";
		};
		C7ABA64A2BDA53C900AFC4E0 /* Resources */ = {
			isa = PBXGroup;
			children = (
				C7ABA6792BDB3E2900AFC4E0 /* Song */,
				C7ABA64D2BDA556000AFC4E0 /* Model */,
			);
			path = Resources;
			sourceTree = "<group>";
		};
		C7ABA64D2BDA556000AFC4E0 /* Model */ = {
			isa = PBXGroup;
			children = (
				C7ABA68C2BDB412A00AFC4E0 /* LyricClassifierModel.mlmodel */,
			);
			path = Model;
			sourceTree = "<group>";
		};
		C7ABA6792BDB3E2900AFC4E0 /* Song */ = {
			isa = PBXGroup;
			children = (
				C7ABA6802BDB40DF00AFC4E0 /* APDiSenayan.mp3 */,
				C7ABA67D2BDB40DF00AFC4E0 /* APSudah.mp3 */,
				C7ABA67B2BDB40DF00AFC4E0 /* APTemanPerjalanan.mp3 */,
				C7ABA67E2BDB40DF00AFC4E0 /* RanAkanKulakukanSemuaUntukmu.mp3 */,
				C7ABA67A2BDB40DF00AFC4E0 /* RanDekatDiHati.mp3 */,
				C7ABA6812BDB40DF00AFC4E0 /* RanSiLemah.mp3 */,
				C7ABA67C2BDB40DF00AFC4E0 /* Tulus1000Tahun.mp3 */,
				C7ABA6822BDB40DF00AFC4E0 /* TulusHatiHatiDiJalan.mp3 */,
				C7ABA67F2BDB40DF00AFC4E0 /* TulusTemanHidup.mp3 */,
			);
			path = Song;
			sourceTree = "<group>";
		};
		C7ABA68E2BDB42B800AFC4E0 /* Model */ = {
			isa = PBXGroup;
			children = (
				C7ABA6992BDB7D6F00AFC4E0 /* History */,
				C7ABA6912BDB42D400AFC4E0 /* Singer */,
			);
			path = Model;
			sourceTree = "<group>";
		};
		C7ABA6902BDB42C200AFC4E0 /* View */ = {
			isa = PBXGroup;
			children = (
				C7ABA6942BDB42E900AFC4E0 /* Home */,
			);
			path = View;
			sourceTree = "<group>";
		};
		C7ABA6912BDB42D400AFC4E0 /* Singer */ = {
			isa = PBXGroup;
			children = (
				C7ABA6922BDB42E400AFC4E0 /* Singer.swift */,
				C7ABA69A2BDB7D7A00AFC4E0 /* SingerExtension.swift */,
			);
			path = Singer;
			sourceTree = "<group>";
		};
		C7ABA6942BDB42E900AFC4E0 /* Home */ = {
			isa = PBXGroup;
			children = (
				C7ABA6952BDB42FD00AFC4E0 /* HomeView.swift */,
			);
			path = Home;
			sourceTree = "<group>";
		};
		C7ABA6992BDB7D6F00AFC4E0 /* History */ = {
			isa = PBXGroup;
			children = (
				C7ABA6972BDB7A8000AFC4E0 /* History.swift */,
			);
			path = History;
			sourceTree = "<group>";
		};
/* End PBXGroup section */

/* Begin PBXNativeTarget section */
		C71054492BD7C7E500654867 /* PitchMatch */ = {
			isa = PBXNativeTarget;
			buildConfigurationList = C71054592BD7C7E700654867 /* Build configuration list for PBXNativeTarget "PitchMatch" */;
			buildPhases = (
				C71054462BD7C7E500654867 /* Sources */,
				C71054472BD7C7E500654867 /* Frameworks */,
				C71054482BD7C7E500654867 /* Resources */,
			);
			buildRules = (
			);
			dependencies = (
			);
			name = PitchMatch;
			productName = PitchMatch;
			productReference = C710544A2BD7C7E600654867 /* PitchMatch.app */;
			productType = "com.apple.product-type.application";
		};
/* End PBXNativeTarget section */

/* Begin PBXProject section */
		C71054422BD7C7E500654867 /* Project object */ = {
			isa = PBXProject;
			attributes = {
				BuildIndependentTargetsInParallel = 1;
				LastSwiftUpdateCheck = 1520;
				LastUpgradeCheck = 1520;
				TargetAttributes = {
					C71054492BD7C7E500654867 = {
						CreatedOnToolsVersion = 15.2;
					};
				};
			};
			buildConfigurationList = C71054452BD7C7E500654867 /* Build configuration list for PBXProject "PitchMatch" */;
			compatibilityVersion = "Xcode 14.0";
			developmentRegion = en;
			hasScannedForEncodings = 0;
			knownRegions = (
				en,
				Base,
			);
			mainGroup = C71054412BD7C7E500654867;
			productRefGroup = C710544B2BD7C7E600654867 /* Products */;
			projectDirPath = "";
			projectRoot = "";
			targets = (
				C71054492BD7C7E500654867 /* PitchMatch */,
			);
		};
/* End PBXProject section */

/* Begin PBXResourcesBuildPhase section */
		C71054482BD7C7E500654867 /* Resources */ = {
			isa = PBXResourcesBuildPhase;
			buildActionMask = 2147483647;
			files = (
				C71054562BD7C7E700654867 /* Preview Assets.xcassets in Resources */,
				C7ABA6872BDB40DF00AFC4E0 /* RanAkanKulakukanSemuaUntukmu.mp3 in Resources */,
				C7ABA6862BDB40DF00AFC4E0 /* APSudah.mp3 in Resources */,
				C7ABA68B2BDB40DF00AFC4E0 /* TulusHatiHatiDiJalan.mp3 in Resources */,
				C7ABA6892BDB40DF00AFC4E0 /* APDiSenayan.mp3 in Resources */,
				C7ABA6842BDB40DF00AFC4E0 /* APTemanPerjalanan.mp3 in Resources */,
				C71054522BD7C7E700654867 /* Assets.xcassets in Resources */,
				C7ABA6882BDB40DF00AFC4E0 /* TulusTemanHidup.mp3 in Resources */,
				C7ABA6852BDB40DF00AFC4E0 /* Tulus1000Tahun.mp3 in Resources */,
				C7ABA68A2BDB40DF00AFC4E0 /* RanSiLemah.mp3 in Resources */,
				C7ABA6832BDB40DF00AFC4E0 /* RanDekatDiHati.mp3 in Resources */,
			);
			runOnlyForDeploymentPostprocessing = 0;
		};
/* End PBXResourcesBuildPhase section */

/* Begin PBXSourcesBuildPhase section */
		C71054462BD7C7E500654867 /* Sources */ = {
			isa = PBXSourcesBuildPhase;
			buildActionMask = 2147483647;
			files = (
				C7ABA69B2BDB7D7A00AFC4E0 /* SingerExtension.swift in Sources */,
				C7ABA6982BDB7A8000AFC4E0 /* History.swift in Sources */,
				C71054502BD7C7E600654867 /* ContentView.swift in Sources */,
				C7ABA68D2BDB412A00AFC4E0 /* LyricClassifierModel.mlmodel in Sources */,
				C710544E2BD7C7E600654867 /* PitchMatchApp.swift in Sources */,
				C7ABA6962BDB42FD00AFC4E0 /* HomeView.swift in Sources */,
				C7ABA6932BDB42E400AFC4E0 /* Singer.swift in Sources */,
			);
			runOnlyForDeploymentPostprocessing = 0;
		};
/* End PBXSourcesBuildPhase section */

/* Begin XCBuildConfiguration section */
		C71054572BD7C7E700654867 /* Debug */ = {
			isa = XCBuildConfiguration;
			buildSettings = {
				ALWAYS_SEARCH_USER_PATHS = NO;
				ASSETCATALOG_COMPILER_GENERATE_SWIFT_ASSET_SYMBOL_EXTENSIONS = YES;
				CLANG_ANALYZER_NONNULL = YES;
				CLANG_ANALYZER_NUMBER_OBJECT_CONVERSION = YES_AGGRESSIVE;
				CLANG_CXX_LANGUAGE_STANDARD = "gnu++20";
				CLANG_ENABLE_MODULES = YES;
				CLANG_ENABLE_OBJC_ARC = YES;
				CLANG_ENABLE_OBJC_WEAK = YES;
				CLANG_WARN_BLOCK_CAPTURE_AUTORELEASING = YES;
				CLANG_WARN_BOOL_CONVERSION = YES;
				CLANG_WARN_COMMA = YES;
				CLANG_WARN_CONSTANT_CONVERSION = YES;
				CLANG_WARN_DEPRECATED_OBJC_IMPLEMENTATIONS = YES;
				CLANG_WARN_DIRECT_OBJC_ISA_USAGE = YES_ERROR;
				CLANG_WARN_DOCUMENTATION_COMMENTS = YES;
				CLANG_WARN_EMPTY_BODY = YES;
				CLANG_WARN_ENUM_CONVERSION = YES;
				CLANG_WARN_INFINITE_RECURSION = YES;
				CLANG_WARN_INT_CONVERSION = YES;
				CLANG_WARN_NON_LITERAL_NULL_CONVERSION = YES;
				CLANG_WARN_OBJC_IMPLICIT_RETAIN_SELF = YES;
				CLANG_WARN_OBJC_LITERAL_CONVERSION = YES;
				CLANG_WARN_OBJC_ROOT_CLASS = YES_ERROR;
				CLANG_WARN_QUOTED_INCLUDE_IN_FRAMEWORK_HEADER = YES;
				CLANG_WARN_RANGE_LOOP_ANALYSIS = YES;
				CLANG_WARN_STRICT_PROTOTYPES = YES;
				CLANG_WARN_SUSPICIOUS_MOVE = YES;
				CLANG_WARN_UNGUARDED_AVAILABILITY = YES_AGGRESSIVE;
				CLANG_WARN_UNREACHABLE_CODE = YES;
				CLANG_WARN__DUPLICATE_METHOD_MATCH = YES;
				COPY_PHASE_STRIP = NO;
				DEBUG_INFORMATION_FORMAT = dwarf;
				ENABLE_STRICT_OBJC_MSGSEND = YES;
				ENABLE_TESTABILITY = YES;
				ENABLE_USER_SCRIPT_SANDBOXING = YES;
				GCC_C_LANGUAGE_STANDARD = gnu17;
				GCC_DYNAMIC_NO_PIC = NO;
				GCC_NO_COMMON_BLOCKS = YES;
				GCC_OPTIMIZATION_LEVEL = 0;
				GCC_PREPROCESSOR_DEFINITIONS = (
					"DEBUG=1",
					"$(inherited)",
				);
				GCC_WARN_64_TO_32_BIT_CONVERSION = YES;
				GCC_WARN_ABOUT_RETURN_TYPE = YES_ERROR;
				GCC_WARN_UNDECLARED_SELECTOR = YES;
				GCC_WARN_UNINITIALIZED_AUTOS = YES_AGGRESSIVE;
				GCC_WARN_UNUSED_FUNCTION = YES;
				GCC_WARN_UNUSED_VARIABLE = YES;
				LOCALIZATION_PREFERS_STRING_CATALOGS = YES;
				MTL_ENABLE_DEBUG_INFO = INCLUDE_SOURCE;
				MTL_FAST_MATH = YES;
				ONLY_ACTIVE_ARCH = YES;
				SWIFT_ACTIVE_COMPILATION_CONDITIONS = "DEBUG $(inherited)";
				SWIFT_OPTIMIZATION_LEVEL = "-Onone";
			};
			name = Debug;
		};
		C71054582BD7C7E700654867 /* Release */ = {
			isa = XCBuildConfiguration;
			buildSettings = {
				ALWAYS_SEARCH_USER_PATHS = NO;
				ASSETCATALOG_COMPILER_GENERATE_SWIFT_ASSET_SYMBOL_EXTENSIONS = YES;
				CLANG_ANALYZER_NONNULL = YES;
				CLANG_ANALYZER_NUMBER_OBJECT_CONVERSION = YES_AGGRESSIVE;
				CLANG_CXX_LANGUAGE_STANDARD = "gnu++20";
				CLANG_ENABLE_MODULES = YES;
				CLANG_ENABLE_OBJC_ARC = YES;
				CLANG_ENABLE_OBJC_WEAK = YES;
				CLANG_WARN_BLOCK_CAPTURE_AUTORELEASING = YES;
				CLANG_WARN_BOOL_CONVERSION = YES;
				CLANG_WARN_COMMA = YES;
				CLANG_WARN_CONSTANT_CONVERSION = YES;
				CLANG_WARN_DEPRECATED_OBJC_IMPLEMENTATIONS = YES;
				CLANG_WARN_DIRECT_OBJC_ISA_USAGE = YES_ERROR;
				CLANG_WARN_DOCUMENTATION_COMMENTS = YES;
				CLANG_WARN_EMPTY_BODY = YES;
				CLANG_WARN_ENUM_CONVERSION = YES;
				CLANG_WARN_INFINITE_RECURSION = YES;
				CLANG_WARN_INT_CONVERSION = YES;
				CLANG_WARN_NON_LITERAL_NULL_CONVERSION = YES;
				CLANG_WARN_OBJC_IMPLICIT_RETAIN_SELF = YES;
				CLANG_WARN_OBJC_LITERAL_CONVERSION = YES;
				CLANG_WARN_OBJC_ROOT_CLASS = YES_ERROR;
				CLANG_WARN_QUOTED_INCLUDE_IN_FRAMEWORK_HEADER = YES;
				CLANG_WARN_RANGE_LOOP_ANALYSIS = YES;
				CLANG_WARN_STRICT_PROTOTYPES = YES;
				CLANG_WARN_SUSPICIOUS_MOVE = YES;
				CLANG_WARN_UNGUARDED_AVAILABILITY = YES_AGGRESSIVE;
				CLANG_WARN_UNREACHABLE_CODE = YES;
				CLANG_WARN__DUPLICATE_METHOD_MATCH = YES;
				COPY_PHASE_STRIP = NO;
				DEBUG_INFORMATION_FORMAT = "dwarf-with-dsym";
				ENABLE_NS_ASSERTIONS = NO;
				ENABLE_STRICT_OBJC_MSGSEND = YES;
				ENABLE_USER_SCRIPT_SANDBOXING = YES;
				GCC_C_LANGUAGE_STANDARD = gnu17;
				GCC_NO_COMMON_BLOCKS = YES;
				GCC_WARN_64_TO_32_BIT_CONVERSION = YES;
				GCC_WARN_ABOUT_RETURN_TYPE = YES_ERROR;
				GCC_WARN_UNDECLARED_SELECTOR = YES;
				GCC_WARN_UNINITIALIZED_AUTOS = YES_AGGRESSIVE;
				GCC_WARN_UNUSED_FUNCTION = YES;
				GCC_WARN_UNUSED_VARIABLE = YES;
				LOCALIZATION_PREFERS_STRING_CATALOGS = YES;
				MTL_ENABLE_DEBUG_INFO = NO;
				MTL_FAST_MATH = YES;
				SWIFT_COMPILATION_MODE = wholemodule;
			};
			name = Release;
		};
		C710545A2BD7C7E700654867 /* Debug */ = {
			isa = XCBuildConfiguration;
			buildSettings = {
				ASSETCATALOG_COMPILER_APPICON_NAME = AppIcon;
				ASSETCATALOG_COMPILER_GLOBAL_ACCENT_COLOR_NAME = AccentColor;
				CODE_SIGN_ENTITLEMENTS = PitchMatch/PitchMatch.entitlements;
				CODE_SIGN_STYLE = Automatic;
				CURRENT_PROJECT_VERSION = 1;
				DEVELOPMENT_ASSET_PATHS = "\"PitchMatch/Preview Content\"";
				DEVELOPMENT_TEAM = 5SU889K9XY;
				ENABLE_HARDENED_RUNTIME = YES;
				ENABLE_PREVIEWS = YES;
				GENERATE_INFOPLIST_FILE = YES;
				"INFOPLIST_KEY_UIApplicationSceneManifest_Generation[sdk=iphoneos*]" = YES;
				"INFOPLIST_KEY_UIApplicationSceneManifest_Generation[sdk=iphonesimulator*]" = YES;
				"INFOPLIST_KEY_UIApplicationSupportsIndirectInputEvents[sdk=iphoneos*]" = YES;
				"INFOPLIST_KEY_UIApplicationSupportsIndirectInputEvents[sdk=iphonesimulator*]" = YES;
				"INFOPLIST_KEY_UILaunchScreen_Generation[sdk=iphoneos*]" = YES;
				"INFOPLIST_KEY_UILaunchScreen_Generation[sdk=iphonesimulator*]" = YES;
				"INFOPLIST_KEY_UIStatusBarStyle[sdk=iphoneos*]" = UIStatusBarStyleDefault;
				"INFOPLIST_KEY_UIStatusBarStyle[sdk=iphonesimulator*]" = UIStatusBarStyleDefault;
				INFOPLIST_KEY_UISupportedInterfaceOrientations_iPad = "UIInterfaceOrientationPortrait UIInterfaceOrientationPortraitUpsideDown UIInterfaceOrientationLandscapeLeft UIInterfaceOrientationLandscapeRight";
				INFOPLIST_KEY_UISupportedInterfaceOrientations_iPhone = "UIInterfaceOrientationPortrait UIInterfaceOrientationLandscapeLeft UIInterfaceOrientationLandscapeRight";
				IPHONEOS_DEPLOYMENT_TARGET = 17.2;
				LD_RUNPATH_SEARCH_PATHS = "@executable_path/Frameworks";
				"LD_RUNPATH_SEARCH_PATHS[sdk=macosx*]" = "@executable_path/../Frameworks";
				MACOSX_DEPLOYMENT_TARGET = 14.0;
				MARKETING_VERSION = 1.0;
				PRODUCT_BUNDLE_IDENTIFIER = com.appleacademy.PitchMatch;
				PRODUCT_NAME = "$(TARGET_NAME)";
				SDKROOT = auto;
				SUPPORTED_PLATFORMS = "iphoneos iphonesimulator macosx";
				SWIFT_EMIT_LOC_STRINGS = YES;
				SWIFT_VERSION = 5.0;
				TARGETED_DEVICE_FAMILY = "1,2";
			};
			name = Debug;
		};
		C710545B2BD7C7E700654867 /* Release */ = {
			isa = XCBuildConfiguration;
			buildSettings = {
				ASSETCATALOG_COMPILER_APPICON_NAME = AppIcon;
				ASSETCATALOG_COMPILER_GLOBAL_ACCENT_COLOR_NAME = AccentColor;
				CODE_SIGN_ENTITLEMENTS = PitchMatch/PitchMatch.entitlements;
				CODE_SIGN_STYLE = Automatic;
				CURRENT_PROJECT_VERSION = 1;
				DEVELOPMENT_ASSET_PATHS = "\"PitchMatch/Preview Content\"";
				DEVELOPMENT_TEAM = 5SU889K9XY;
				ENABLE_HARDENED_RUNTIME = YES;
				ENABLE_PREVIEWS = YES;
				GENERATE_INFOPLIST_FILE = YES;
				"INFOPLIST_KEY_UIApplicationSceneManifest_Generation[sdk=iphoneos*]" = YES;
				"INFOPLIST_KEY_UIApplicationSceneManifest_Generation[sdk=iphonesimulator*]" = YES;
				"INFOPLIST_KEY_UIApplicationSupportsIndirectInputEvents[sdk=iphoneos*]" = YES;
				"INFOPLIST_KEY_UIApplicationSupportsIndirectInputEvents[sdk=iphonesimulator*]" = YES;
				"INFOPLIST_KEY_UILaunchScreen_Generation[sdk=iphoneos*]" = YES;
				"INFOPLIST_KEY_UILaunchScreen_Generation[sdk=iphonesimulator*]" = YES;
				"INFOPLIST_KEY_UIStatusBarStyle[sdk=iphoneos*]" = UIStatusBarStyleDefault;
				"INFOPLIST_KEY_UIStatusBarStyle[sdk=iphonesimulator*]" = UIStatusBarStyleDefault;
				INFOPLIST_KEY_UISupportedInterfaceOrientations_iPad = "UIInterfaceOrientationPortrait UIInterfaceOrientationPortraitUpsideDown UIInterfaceOrientationLandscapeLeft UIInterfaceOrientationLandscapeRight";
				INFOPLIST_KEY_UISupportedInterfaceOrientations_iPhone = "UIInterfaceOrientationPortrait UIInterfaceOrientationLandscapeLeft UIInterfaceOrientationLandscapeRight";
				IPHONEOS_DEPLOYMENT_TARGET = 17.2;
				LD_RUNPATH_SEARCH_PATHS = "@executable_path/Frameworks";
				"LD_RUNPATH_SEARCH_PATHS[sdk=macosx*]" = "@executable_path/../Frameworks";
				MACOSX_DEPLOYMENT_TARGET = 14.0;
				MARKETING_VERSION = 1.0;
				PRODUCT_BUNDLE_IDENTIFIER = com.appleacademy.PitchMatch;
				PRODUCT_NAME = "$(TARGET_NAME)";
				SDKROOT = auto;
				SUPPORTED_PLATFORMS = "iphoneos iphonesimulator macosx";
				SWIFT_EMIT_LOC_STRINGS = YES;
				SWIFT_VERSION = 5.0;
				TARGETED_DEVICE_FAMILY = "1,2";
			};
			name = Release;
		};
/* End XCBuildConfiguration section */

/* Begin XCConfigurationList section */
		C71054452BD7C7E500654867 /* Build configuration list for PBXProject "PitchMatch" */ = {
			isa = XCConfigurationList;
			buildConfigurations = (
				C71054572BD7C7E700654867 /* Debug */,
				C71054582BD7C7E700654867 /* Release */,
			);
			defaultConfigurationIsVisible = 0;
			defaultConfigurationName = Release;
		};
		C71054592BD7C7E700654867 /* Build configuration list for PBXNativeTarget "PitchMatch" */ = {
			isa = XCConfigurationList;
			buildConfigurations = (
				C710545A2BD7C7E700654867 /* Debug */,
				C710545B2BD7C7E700654867 /* Release */,
			);
			defaultConfigurationIsVisible = 0;
			defaultConfigurationName = Release;
		};
/* End XCConfigurationList section */
	};
	rootObject = C71054422BD7C7E500654867 /* Project object */;
}
